
Microsoft Visual Studio Solution File, Format Version 12.00
# Visual Studio Version 17
VisualStudioVersion = 17.5.33516.290
MinimumVisualStudioVersion = 10.0.40219.1
Project("{FAE04EC0-301F-11D3-BF4B-00C04F79EFBC}") = "CRD", "CRD.csproj", "{034F3589-9805-4ADE-BE56-007B5A9D9412}"
EndProject
Global
	GlobalSection(SolutionConfigurationPlatforms) = preSolution
		Debug|Any CPU = Debug|Any CPU
		Release|Any CPU = Release|Any CPU
	EndGlobalSection
	GlobalSection(ProjectConfigurationPlatforms) = postSolution
		{034F3589-9805-4ADE-BE56-007B5A9D9412}.Debug|Any CPU.ActiveCfg = Debug|Any CPU
		{034F3589-9805-4ADE-BE56-007B5A9D9412}.Debug|Any CPU.Build.0 = Debug|Any CPU
		{034F3589-9805-4ADE-BE56-007B5A9D9412}.Release|Any CPU.ActiveCfg = Release|Any CPU
		{034F3589-9805-4ADE-BE56-007B5A9D9412}.Release|Any CPU.Build.0 = Release|Any CPU
	EndGlobalSection
	GlobalSection(SolutionProperties) = preSolution
		HideSolutionNode = FALSE
	EndGlobalSection
	GlobalSection(ExtensibilityGlobals) = postSolution
		SolutionGuid = {F15D27AD-666B-4BA0-97DD-A641F9253CEA}
	EndGlobalSection
EndGlobal
